
Microsoft Visual Studio Solution File, Format Version 12.00
# Visual Studio Version 17
VisualStudioVersion = 17.0.31903.59
MinimumVisualStudioVersion = 10.0.40219.1
Project("{FAE04EC0-301F-11D3-BF4B-00C04F79EFBC}") = "RevitAPILab_7_1_CreateSheets", "RevitAPILab_7_1_CreateSheets\RevitAPILab_7_1_CreateSheets.csproj", "{CD0A9574-C25F-4E45-A177-F1B7E41B0D07}"
EndProject
Global
	GlobalSection(SolutionConfigurationPlatforms) = preSolution
		Debug|Any CPU = Debug|Any CPU
		Release|Any CPU = Release|Any CPU
	EndGlobalSection
	GlobalSection(ProjectConfigurationPlatforms) = postSolution
		{CD0A9574-C25F-4E45-A177-F1B7E41B0D07}.Debug|Any CPU.ActiveCfg = Debug|Any CPU
		{CD0A9574-C25F-4E45-A177-F1B7E41B0D07}.Debug|Any CPU.Build.0 = Debug|Any CPU
		{CD0A9574-C25F-4E45-A177-F1B7E41B0D07}.Release|Any CPU.ActiveCfg = Release|Any CPU
		{CD0A9574-C25F-4E45-A177-F1B7E41B0D07}.Release|Any CPU.Build.0 = Release|Any CPU
	EndGlobalSection
	GlobalSection(SolutionProperties) = preSolution
		HideSolutionNode = FALSE
	EndGlobalSection
	GlobalSection(ExtensibilityGlobals) = postSolution
		SolutionGuid = {348C3444-D2CA-4565-899F-D3A5CBF71F27}
	EndGlobalSection
EndGlobal
